
Microsoft Visual Studio Solution File, Format Version 12.00
# Visual Studio Version 17
VisualStudioVersion = 17.5.33516.290
MinimumVisualStudioVersion = 10.0.40219.1
Project("{8BC9CEB8-8B4A-11D0-8D11-00A0C91BC942}") = "stacktest", "stacktest\stacktest.vcxproj", "{AFF25B0A-71B4-4FBC-A832-5C56301F45D8}"
EndProject
Global
	GlobalSection(SolutionConfigurationPlatforms) = preSolution
		Debug|x64 = Debug|x64
		Debug|x86 = Debug|x86
		Release|x64 = Release|x64
		Release|x86 = Release|x86
	EndGlobalSection
	GlobalSection(ProjectConfigurationPlatforms) = postSolution
		{AFF25B0A-71B4-4FBC-A832-5C56301F45D8}.Debug|x64.ActiveCfg = Debug|x64
		{AFF25B0A-71B4-4FBC-A832-5C56301F45D8}.Debug|x64.Build.0 = Debug|x64
		{AFF25B0A-71B4-4FBC-A832-5C56301F45D8}.Debug|x86.ActiveCfg = Debug|Win32
		{AFF25B0A-71B4-4FBC-A832-5C56301F45D8}.Debug|x86.Build.0 = Debug|Win32
		{AFF25B0A-71B4-4FBC-A832-5C56301F45D8}.Release|x64.ActiveCfg = Release|x64
		{AFF25B0A-71B4-4FBC-A832-5C56301F45D8}.Release|x64.Build.0 = Release|x64
		{AFF25B0A-71B4-4FBC-A832-5C56301F45D8}.Release|x86.ActiveCfg = Release|Win32
		{AFF25B0A-71B4-4FBC-A832-5C56301F45D8}.Release|x86.Build.0 = Release|Win32
	EndGlobalSection
	GlobalSection(SolutionProperties) = preSolution
		HideSolutionNode = FALSE
	EndGlobalSection
	GlobalSection(ExtensibilityGlobals) = postSolution
		SolutionGuid = {EA3D573B-F3AB-4030-8D2C-A92D55EAE661}
	EndGlobalSection
EndGlobal
